
Microsoft Visual Studio Solution File, Format Version 12.00
# Visual Studio Version 17
VisualStudioVersion = 17.0.32126.317
MinimumVisualStudioVersion = 10.0.40219.1
Project("{FAE04EC0-301F-11D3-BF4B-00C04F79EFBC}") = "WinFormsApp7MultiplesForm", "WinFormsApp7MultiplesForm.csproj", "{57B4345F-94C2-4AB8-9E07-CE75A7B3D27A}"
EndProject
Global
	GlobalSection(SolutionConfigurationPlatforms) = preSolution
		Debug|Any CPU = Debug|Any CPU
		Release|Any CPU = Release|Any CPU
	EndGlobalSection
	GlobalSection(ProjectConfigurationPlatforms) = postSolution
		{57B4345F-94C2-4AB8-9E07-CE75A7B3D27A}.Debug|Any CPU.ActiveCfg = Debug|Any CPU
		{57B4345F-94C2-4AB8-9E07-CE75A7B3D27A}.Debug|Any CPU.Build.0 = Debug|Any CPU
		{57B4345F-94C2-4AB8-9E07-CE75A7B3D27A}.Release|Any CPU.ActiveCfg = Release|Any CPU
		{57B4345F-94C2-4AB8-9E07-CE75A7B3D27A}.Release|Any CPU.Build.0 = Release|Any CPU
	EndGlobalSection
	GlobalSection(SolutionProperties) = preSolution
		HideSolutionNode = FALSE
	EndGlobalSection
	GlobalSection(ExtensibilityGlobals) = postSolution
		SolutionGuid = {A9DDB434-BBDB-47C7-BE58-6876B7EC5450}
	EndGlobalSection
EndGlobal
