
Microsoft Visual Studio Solution File, Format Version 12.00
# Visual Studio Version 17
VisualStudioVersion = 17.0.32126.317
MinimumVisualStudioVersion = 10.0.40219.1
Project("{FAE04EC0-301F-11D3-BF4B-00C04F79EFBC}") = "WinFormsApp9Practico", "WinFormsApp9Practico.csproj", "{CDA17340-7B57-4B94-AC39-D786BC17C5C6}"
EndProject
Global
	GlobalSection(SolutionConfigurationPlatforms) = preSolution
		Debug|Any CPU = Debug|Any CPU
		Release|Any CPU = Release|Any CPU
	EndGlobalSection
	GlobalSection(ProjectConfigurationPlatforms) = postSolution
		{CDA17340-7B57-4B94-AC39-D786BC17C5C6}.Debug|Any CPU.ActiveCfg = Debug|Any CPU
		{CDA17340-7B57-4B94-AC39-D786BC17C5C6}.Debug|Any CPU.Build.0 = Debug|Any CPU
		{CDA17340-7B57-4B94-AC39-D786BC17C5C6}.Release|Any CPU.ActiveCfg = Release|Any CPU
		{CDA17340-7B57-4B94-AC39-D786BC17C5C6}.Release|Any CPU.Build.0 = Release|Any CPU
	EndGlobalSection
	GlobalSection(SolutionProperties) = preSolution
		HideSolutionNode = FALSE
	EndGlobalSection
	GlobalSection(ExtensibilityGlobals) = postSolution
		SolutionGuid = {C9E40576-15BA-4834-8A34-8C6BC56FB9D1}
	EndGlobalSection
EndGlobal
